
Microsoft Visual Studio Solution File, Format Version 12.00
# Visual Studio 15
VisualStudioVersion = 15.0.28307.136
MinimumVisualStudioVersion = 10.0.40219.1
Project("{FAE04EC0-301F-11D3-BF4B-00C04F79EFBC}") = "MetaWearRPC_Server.Net4.6", "MetaWearRPC_Server.Net4.6\MetaWearRPC_Server.Net4.6.csproj", "{B8DD5E0C-628B-4BC0-A8E7-DFC3CCB4B51A}"
	ProjectSection(ProjectDependencies) = postProject
		{65711750-2BA2-4A23-A258-C887146065CD} = {65711750-2BA2-4A23-A258-C887146065CD}
	EndProjectSection
EndProject
Project("{9A19103F-16F7-4668-BE54-9A1E7A4F7556}") = "MetaWearRPC", "MetaWearRPC\MetaWearRPC.csproj", "{5C748F4C-646C-4577-8E85-CBDAE5B6CC89}"
EndProject
Project("{FAE04EC0-301F-11D3-BF4B-00C04F79EFBC}") = "MetaWearRPC.Net4.6", "MetaWearRPC.Net4.6\MetaWearRPC.Net4.6.csproj", "{65711750-2BA2-4A23-A258-C887146065CD}"
EndProject
Project("{FAE04EC0-301F-11D3-BF4B-00C04F79EFBC}") = "MetaWearRPC.UWP", "MetaWearRPC.UWP\MetaWearRPC.UWP.csproj", "{1CE535A7-FE5C-498F-9F82-FD6009AC06FE}"
EndProject
Project("{FAE04EC0-301F-11D3-BF4B-00C04F79EFBC}") = "MetaWearRPC_Server.UWP", "MetaWearRPC_Server.UWP\MetaWearRPC_Server.UWP.csproj", "{18A78B8B-59B0-4D24-A0D1-8D99CB08CDCF}"
	ProjectSection(ProjectDependencies) = postProject
		{1CE535A7-FE5C-498F-9F82-FD6009AC06FE} = {1CE535A7-FE5C-498F-9F82-FD6009AC06FE}
	EndProjectSection
EndProject
Global
	GlobalSection(SolutionConfigurationPlatforms) = preSolution
		Debug|Any CPU = Debug|Any CPU
		Debug|ARM = Debug|ARM
		Debug|ARM64 = Debug|ARM64
		Debug|x64 = Debug|x64
		Debug|x86 = Debug|x86
		Release|Any CPU = Release|Any CPU
		Release|ARM = Release|ARM
		Release|ARM64 = Release|ARM64
		Release|x64 = Release|x64
		Release|x86 = Release|x86
	EndGlobalSection
	GlobalSection(ProjectConfigurationPlatforms) = postSolution
		{B8DD5E0C-628B-4BC0-A8E7-DFC3CCB4B51A}.Debug|Any CPU.ActiveCfg = Debug|Any CPU
		{B8DD5E0C-628B-4BC0-A8E7-DFC3CCB4B51A}.Debug|Any CPU.Build.0 = Debug|Any CPU
		{B8DD5E0C-628B-4BC0-A8E7-DFC3CCB4B51A}.Debug|ARM.ActiveCfg = Debug|Any CPU
		{B8DD5E0C-628B-4BC0-A8E7-DFC3CCB4B51A}.Debug|ARM.Build.0 = Debug|Any CPU
		{B8DD5E0C-628B-4BC0-A8E7-DFC3CCB4B51A}.Debug|ARM64.ActiveCfg = Debug|Any CPU
		{B8DD5E0C-628B-4BC0-A8E7-DFC3CCB4B51A}.Debug|ARM64.Build.0 = Debug|Any CPU
		{B8DD5E0C-628B-4BC0-A8E7-DFC3CCB4B51A}.Debug|x64.ActiveCfg = Debug|Any CPU
		{B8DD5E0C-628B-4BC0-A8E7-DFC3CCB4B51A}.Debug|x64.Build.0 = Debug|Any CPU
		{B8DD5E0C-628B-4BC0-A8E7-DFC3CCB4B51A}.Debug|x86.ActiveCfg = Debug|Any CPU
		{B8DD5E0C-628B-4BC0-A8E7-DFC3CCB4B51A}.Debug|x86.Build.0 = Debug|Any CPU
		{B8DD5E0C-628B-4BC0-A8E7-DFC3CCB4B51A}.Release|Any CPU.ActiveCfg = Release|Any CPU
		{B8DD5E0C-628B-4BC0-A8E7-DFC3CCB4B51A}.Release|Any CPU.Build.0 = Release|Any CPU
		{B8DD5E0C-628B-4BC0-A8E7-DFC3CCB4B51A}.Release|ARM.ActiveCfg = Release|Any CPU
		{B8DD5E0C-628B-4BC0-A8E7-DFC3CCB4B51A}.Release|ARM.Build.0 = Release|Any CPU
		{B8DD5E0C-628B-4BC0-A8E7-DFC3CCB4B51A}.Release|ARM64.ActiveCfg = Release|Any CPU
		{B8DD5E0C-628B-4BC0-A8E7-DFC3CCB4B51A}.Release|ARM64.Build.0 = Release|Any CPU
		{B8DD5E0C-628B-4BC0-A8E7-DFC3CCB4B51A}.Release|x64.ActiveCfg = Release|Any CPU
		{B8DD5E0C-628B-4BC0-A8E7-DFC3CCB4B51A}.Release|x64.Build.0 = Release|Any CPU
		{B8DD5E0C-628B-4BC0-A8E7-DFC3CCB4B51A}.Release|x86.ActiveCfg = Release|Any CPU
		{B8DD5E0C-628B-4BC0-A8E7-DFC3CCB4B51A}.Release|x86.Build.0 = Release|Any CPU
		{5C748F4C-646C-4577-8E85-CBDAE5B6CC89}.Debug|Any CPU.ActiveCfg = Debug|Any CPU
		{5C748F4C-646C-4577-8E85-CBDAE5B6CC89}.Debug|Any CPU.Build.0 = Debug|Any CPU
		{5C748F4C-646C-4577-8E85-CBDAE5B6CC89}.Debug|ARM.ActiveCfg = Debug|Any CPU
		{5C748F4C-646C-4577-8E85-CBDAE5B6CC89}.Debug|ARM.Build.0 = Debug|Any CPU
		{5C748F4C-646C-4577-8E85-CBDAE5B6CC89}.Debug|ARM64.ActiveCfg = Debug|Any CPU
		{5C748F4C-646C-4577-8E85-CBDAE5B6CC89}.Debug|ARM64.Build.0 = Debug|Any CPU
		{5C748F4C-646C-4577-8E85-CBDAE5B6CC89}.Debug|x64.ActiveCfg = Debug|Any CPU
		{5C748F4C-646C-4577-8E85-CBDAE5B6CC89}.Debug|x64.Build.0 = Debug|Any CPU
		{5C748F4C-646C-4577-8E85-CBDAE5B6CC89}.Debug|x86.ActiveCfg = Debug|Any CPU
		{5C748F4C-646C-4577-8E85-CBDAE5B6CC89}.Debug|x86.Build.0 = Debug|Any CPU
		{5C748F4C-646C-4577-8E85-CBDAE5B6CC89}.Release|Any CPU.ActiveCfg = Release|Any CPU
		{5C748F4C-646C-4577-8E85-CBDAE5B6CC89}.Release|Any CPU.Build.0 = Release|Any CPU
		{5C748F4C-646C-4577-8E85-CBDAE5B6CC89}.Release|ARM.ActiveCfg = Release|Any CPU
		{5C748F4C-646C-4577-8E85-CBDAE5B6CC89}.Release|ARM.Build.0 = Release|Any CPU
		{5C748F4C-646C-4577-8E85-CBDAE5B6CC89}.Release|ARM64.ActiveCfg = Release|Any CPU
		{5C748F4C-646C-4577-8E85-CBDAE5B6CC89}.Release|ARM64.Build.0 = Release|Any CPU
		{5C748F4C-646C-4577-8E85-CBDAE5B6CC89}.Release|x64.ActiveCfg = Release|Any CPU
		{5C748F4C-646C-4577-8E85-CBDAE5B6CC89}.Release|x64.Build.0 = Release|Any CPU
		{5C748F4C-646C-4577-8E85-CBDAE5B6CC89}.Release|x86.ActiveCfg = Release|Any CPU
		{5C748F4C-646C-4577-8E85-CBDAE5B6CC89}.Release|x86.Build.0 = Release|Any CPU
		{65711750-2BA2-4A23-A258-C887146065CD}.Debug|Any CPU.ActiveCfg = Debug|Any CPU
		{65711750-2BA2-4A23-A258-C887146065CD}.Debug|Any CPU.Build.0 = Debug|Any CPU
		{65711750-2BA2-4A23-A258-C887146065CD}.Debug|ARM.ActiveCfg = Debug|Any CPU
		{65711750-2BA2-4A23-A258-C887146065CD}.Debug|ARM.Build.0 = Debug|Any CPU
		{65711750-2BA2-4A23-A258-C887146065CD}.Debug|ARM64.ActiveCfg = Debug|Any CPU
		{65711750-2BA2-4A23-A258-C887146065CD}.Debug|ARM64.Build.0 = Debug|Any CPU
		{65711750-2BA2-4A23-A258-C887146065CD}.Debug|x64.ActiveCfg = Debug|Any CPU
		{65711750-2BA2-4A23-A258-C887146065CD}.Debug|x64.Build.0 = Debug|Any CPU
		{65711750-2BA2-4A23-A258-C887146065CD}.Debug|x86.ActiveCfg = Debug|Any CPU
		{65711750-2BA2-4A23-A258-C887146065CD}.Debug|x86.Build.0 = Debug|Any CPU
		{65711750-2BA2-4A23-A258-C887146065CD}.Release|Any CPU.ActiveCfg = Release|Any CPU
		{65711750-2BA2-4A23-A258-C887146065CD}.Release|Any CPU.Build.0 = Release|Any CPU
		{65711750-2BA2-4A23-A258-C887146065CD}.Release|ARM.ActiveCfg = Release|Any CPU
		{65711750-2BA2-4A23-A258-C887146065CD}.Release|ARM.Build.0 = Release|Any CPU
		{65711750-2BA2-4A23-A258-C887146065CD}.Release|ARM64.ActiveCfg = Release|Any CPU
		{65711750-2BA2-4A23-A258-C887146065CD}.Release|ARM64.Build.0 = Release|Any CPU
		{65711750-2BA2-4A23-A258-C887146065CD}.Release|x64.ActiveCfg = Release|Any CPU
		{65711750-2BA2-4A23-A258-C887146065CD}.Release|x64.Build.0 = Release|Any CPU
		{65711750-2BA2-4A23-A258-C887146065CD}.Release|x86.ActiveCfg = Release|Any CPU
		{65711750-2BA2-4A23-A258-C887146065CD}.Release|x86.Build.0 = Release|Any CPU
		{1CE535A7-FE5C-498F-9F82-FD6009AC06FE}.Debug|Any CPU.ActiveCfg = Debug|Any CPU
		{1CE535A7-FE5C-498F-9F82-FD6009AC06FE}.Debug|Any CPU.Build.0 = Debug|Any CPU
		{1CE535A7-FE5C-498F-9F82-FD6009AC06FE}.Debug|ARM.ActiveCfg = Debug|ARM
		{1CE535A7-FE5C-498F-9F82-FD6009AC06FE}.Debug|ARM.Build.0 = Debug|ARM
		{1CE535A7-FE5C-498F-9F82-FD6009AC06FE}.Debug|ARM64.ActiveCfg = Debug|ARM64
		{1CE535A7-FE5C-498F-9F82-FD6009AC06FE}.Debug|ARM64.Build.0 = Debug|ARM64
		{1CE535A7-FE5C-498F-9F82-FD6009AC06FE}.Debug|x64.ActiveCfg = Debug|x64
		{1CE535A7-FE5C-498F-9F82-FD6009AC06FE}.Debug|x64.Build.0 = Debug|x64
		{1CE535A7-FE5C-498F-9F82-FD6009AC06FE}.Debug|x86.ActiveCfg = Debug|x86
		{1CE535A7-FE5C-498F-9F82-FD6009AC06FE}.Debug|x86.Build.0 = Debug|x86
		{1CE535A7-FE5C-498F-9F82-FD6009AC06FE}.Release|Any CPU.ActiveCfg = Release|Any CPU
		{1CE535A7-FE5C-498F-9F82-FD6009AC06FE}.Release|Any CPU.Build.0 = Release|Any CPU
		{1CE535A7-FE5C-498F-9F82-FD6009AC06FE}.Release|ARM.ActiveCfg = Release|ARM
		{1CE535A7-FE5C-498F-9F82-FD6009AC06FE}.Release|ARM.Build.0 = Release|ARM
		{1CE535A7-FE5C-498F-9F82-FD6009AC06FE}.Release|ARM64.ActiveCfg = Release|ARM64
		{1CE535A7-FE5C-498F-9F82-FD6009AC06FE}.Release|ARM64.Build.0 = Release|ARM64
		{1CE535A7-FE5C-498F-9F82-FD6009AC06FE}.Release|x64.ActiveCfg = Release|x64
		{1CE535A7-FE5C-498F-9F82-FD6009AC06FE}.Release|x64.Build.0 = Release|x64
		{1CE535A7-FE5C-498F-9F82-FD6009AC06FE}.Release|x86.ActiveCfg = Release|x86
		{1CE535A7-FE5C-498F-9F82-FD6009AC06FE}.Release|x86.Build.0 = Release|x86
		{18A78B8B-59B0-4D24-A0D1-8D99CB08CDCF}.Debug|Any CPU.ActiveCfg = Debug|x86
		{18A78B8B-59B0-4D24-A0D1-8D99CB08CDCF}.Debug|ARM.ActiveCfg = Debug|ARM
		{18A78B8B-59B0-4D24-A0D1-8D99CB08CDCF}.Debug|ARM.Build.0 = Debug|ARM
		{18A78B8B-59B0-4D24-A0D1-8D99CB08CDCF}.Debug|ARM.Deploy.0 = Debug|ARM
		{18A78B8B-59B0-4D24-A0D1-8D99CB08CDCF}.Debug|ARM64.ActiveCfg = Debug|ARM64
		{18A78B8B-59B0-4D24-A0D1-8D99CB08CDCF}.Debug|ARM64.Build.0 = Debug|ARM64
		{18A78B8B-59B0-4D24-A0D1-8D99CB08CDCF}.Debug|ARM64.Deploy.0 = Debug|ARM64
		{18A78B8B-59B0-4D24-A0D1-8D99CB08CDCF}.Debug|x64.ActiveCfg = Debug|x64
		{18A78B8B-59B0-4D24-A0D1-8D99CB08CDCF}.Debug|x64.Build.0 = Debug|x64
		{18A78B8B-59B0-4D24-A0D1-8D99CB08CDCF}.Debug|x64.Deploy.0 = Debug|x64
		{18A78B8B-59B0-4D24-A0D1-8D99CB08CDCF}.Debug|x86.ActiveCfg = Debug|x86
		{18A78B8B-59B0-4D24-A0D1-8D99CB08CDCF}.Debug|x86.Build.0 = Debug|x86
		{18A78B8B-59B0-4D24-A0D1-8D99CB08CDCF}.Debug|x86.Deploy.0 = Debug|x86
		{18A78B8B-59B0-4D24-A0D1-8D99CB08CDCF}.Release|Any CPU.ActiveCfg = Release|x86
		{18A78B8B-59B0-4D24-A0D1-8D99CB08CDCF}.Release|ARM.ActiveCfg = Release|ARM
		{18A78B8B-59B0-4D24-A0D1-8D99CB08CDCF}.Release|ARM.Build.0 = Release|ARM
		{18A78B8B-59B0-4D24-A0D1-8D99CB08CDCF}.Release|ARM.Deploy.0 = Release|ARM
		{18A78B8B-59B0-4D24-A0D1-8D99CB08CDCF}.Release|ARM64.ActiveCfg = Release|ARM64
		{18A78B8B-59B0-4D24-A0D1-8D99CB08CDCF}.Release|ARM64.Build.0 = Release|ARM64
		{18A78B8B-59B0-4D24-A0D1-8D99CB08CDCF}.Release|ARM64.Deploy.0 = Release|ARM64
		{18A78B8B-59B0-4D24-A0D1-8D99CB08CDCF}.Release|x64.ActiveCfg = Release|x64
		{18A78B8B-59B0-4D24-A0D1-8D99CB08CDCF}.Release|x64.Build.0 = Release|x64
		{18A78B8B-59B0-4D24-A0D1-8D99CB08CDCF}.Release|x64.Deploy.0 = Release|x64
		{18A78B8B-59B0-4D24-A0D1-8D99CB08CDCF}.Release|x86.ActiveCfg = Release|x86
		{18A78B8B-59B0-4D24-A0D1-8D99CB08CDCF}.Release|x86.Build.0 = Release|x86
		{18A78B8B-59B0-4D24-A0D1-8D99CB08CDCF}.Release|x86.Deploy.0 = Release|x86
	EndGlobalSection
	GlobalSection(SolutionProperties) = preSolution
		HideSolutionNode = FALSE
	EndGlobalSection
	GlobalSection(ExtensibilityGlobals) = postSolution
		SolutionGuid = {A70B1481-4082-4E7C-9D3A-25664D0F2175}
	EndGlobalSection
EndGlobal
